// !$*UTF8*$!
{
	archiveVersion = 1;
	classes = {
	};
	objectVersion = 50;
	objects = {

/* Begin PBXBuildFile section */
		BD3D823F254BCF5C00ABBB47 /* AppDelegate.swift in Sources */ = {isa = PBXBuildFile; fileRef = BD3D823E254BCF5C00ABBB47 /* AppDelegate.swift */; };
		BD3D8241254BCF5C00ABBB47 /* SceneDelegate.swift in Sources */ = {isa = PBXBuildFile; fileRef = BD3D8240254BCF5C00ABBB47 /* SceneDelegate.swift */; };
		BD3D8243254BCF5C00ABBB47 /* ViewController.swift in Sources */ = {isa = PBXBuildFile; fileRef = BD3D8242254BCF5C00ABBB47 /* ViewController.swift */; };
		BD3D8246254BCF5C00ABBB47 /* Main.storyboard in Resources */ = {isa = PBXBuildFile; fileRef = BD3D8244254BCF5C00ABBB47 /* Main.storyboard */; };
		BD3D8248254BCF5D00ABBB47 /* Assets.xcassets in Resources */ = {isa = PBXBuildFile; fileRef = BD3D8247254BCF5D00ABBB47 /* Assets.xcassets */; };
		BD3D824B254BCF5D00ABBB47 /* LaunchScreen.storyboard in Resources */ = {isa = PBXBuildFile; fileRef = BD3D8249254BCF5D00ABBB47 /* LaunchScreen.storyboard */; };
/* End PBXBuildFile section */

/* Begin PBXFileReference section */
		BD3D823B254BCF5C00ABBB47 /* textview-placeholder.app */ = {isa = PBXFileReference; explicitFileType = wrapper.application; includeInIndex = 0; path = "textview-placeholder.app"; sourceTree = BUILT_PRODUCTS_DIR; };
		BD3D823E254BCF5C00ABBB47 /* AppDelegate.swift */ = {isa = PBXFileReference; lastKnownFileType = sourcecode.swift; path = AppDelegate.swift; sourceTree = "<group>"; };
		BD3D8240254BCF5C00ABBB47 /* SceneDelegate.swift */ = {isa = PBXFileReference; lastKnownFileType = sourcecode.swift; path = SceneDelegate.swift; sourceTree = "<group>"; };
		BD3D8242254BCF5C00ABBB47 /* ViewController.swift */ = {isa = PBXFileReference; lastKnownFileType = sourcecode.swift; path = ViewController.swift; sourceTree = "<group>"; };
		BD3D8245254BCF5C00ABBB47 /* Base */ = {isa = PBXFileReference; lastKnownFileType = file.storyboard; name = Base; path = Base.lproj/Main.storyboard; sourceTree = "<group>"; };
		BD3D8247254BCF5D00ABBB47 /* Assets.xcassets */ = {isa = PBXFileReference; lastKnownFileType = folder.assetcatalog; path = Assets.xcassets; sourceTree = "<group>"; };
		BD3D824A254BCF5D00ABBB47 /* Base */ = {isa = PBXFileReference; lastKnownFileType = file.storyboard; name = Base; path = Base.lproj/LaunchScreen.storyboard; sourceTree = "<group>"; };
		BD3D824C254BCF5D00ABBB47 /* Info.plist */ = {isa = PBXFileReference; lastKnownFileType = text.plist.xml; path = Info.plist; sourceTree = "<group>"; };
/* End PBXFileReference section */

/* Begin PBXFrameworksBuildPhase section */
		BD3D8238254BCF5C00ABBB47 /* Frameworks */ = {
			isa = PBXFrameworksBuildPhase;
			buildActionMask = 2147483647;
			files = (
			);
			runOnlyForDeploymentPostprocessing = 0;
		};
/* End PBXFrameworksBuildPhase section */

/* Begin PBXGroup section */
		BD3D8232254BCF5C00ABBB47 = {
			isa = PBXGroup;
			children = (
				BD3D823D254BCF5C00ABBB47 /* textview-placeholder */,
				BD3D823C254BCF5C00ABBB47 /* Products */,
			);
			sourceTree = "<group>";
		};
		BD3D823C254BCF5C00ABBB47 /* Products */ = {
			isa = PBXGroup;
			children = (
				BD3D823B254BCF5C00ABBB47 /* textview-placeholder.app */,
			);
			name = Products;
			sourceTree = "<group>";
		};
		BD3D823D254BCF5C00ABBB47 /* textview-placeholder */ = {
			isa = PBXGroup;
			children = (
				BD3D823E254BCF5C00ABBB47 /* AppDelegate.swift */,
				BD3D8240254BCF5C00ABBB47 /* SceneDelegate.swift */,
				BD3D8242254BCF5C00ABBB47 /* ViewController.swift */,
				BD3D8244254BCF5C00ABBB47 /* Main.storyboard */,
				BD3D8247254BCF5D00ABBB47 /* Assets.xcassets */,
				BD3D8249254BCF5D00ABBB47 /* LaunchScreen.storyboard */,
				BD3D824C254BCF5D00ABBB47 /* Info.plist */,
			);
			path = "textview-placeholder";
			sourceTree = "<group>";
		};
/* End PBXGroup section */

/* Begin PBXNativeTarget section */
		BD3D823A254BCF5C00ABBB47 /* textview-placeholder */ = {
			isa = PBXNativeTarget;
			buildConfigurationList = BD3D824F254BCF5D00ABBB47 /* Build configuration list for PBXNativeTarget "textview-placeholder" */;
			buildPhases = (
				BD3D8237254BCF5C00ABBB47 /* Sources */,
				BD3D8238254BCF5C00ABBB47 /* Frameworks */,
				BD3D8239254BCF5C00ABBB47 /* Resources */,
			);
			buildRules = (
			);
			dependencies = (
			);
			name = "textview-placeholder";
			productName = "textview-placeholder";
			productReference = BD3D823B254BCF5C00ABBB47 /* textview-placeholder.app */;
			productType = "com.apple.product-type.application";
		};
/* End PBXNativeTarget section */

/* Begin PBXProject section */
		BD3D8233254BCF5C00ABBB47 /* Project object */ = {
			isa = PBXProject;
			attributes = {
				LastSwiftUpdateCheck = 1210;
				LastUpgradeCheck = 1210;
				TargetAttributes = {
					BD3D823A254BCF5C00ABBB47 = {
						CreatedOnToolsVersion = 12.1;
					};
				};
			};
			buildConfigurationList = BD3D8236254BCF5C00ABBB47 /* Build configuration list for PBXProject "textview-placeholder" */;
			compatibilityVersion = "Xcode 9.3";
			developmentRegion = en;
			hasScannedForEncodings = 0;
			knownRegions = (
				en,
				Base,
			);
			mainGroup = BD3D8232254BCF5C00ABBB47;
			productRefGroup = BD3D823C254BCF5C00ABBB47 /* Products */;
			projectDirPath = "";
			projectRoot = "";
			targets = (
				BD3D823A254BCF5C00ABBB47 /* textview-placeholder */,
			);
		};
/* End PBXProject section */

/* Begin PBXResourcesBuildPhase section */
		BD3D8239254BCF5C00ABBB47 /* Resources */ = {
			isa = PBXResourcesBuildPhase;
			buildActionMask = 2147483647;
			files = (
				BD3D824B254BCF5D00ABBB47 /* LaunchScreen.storyboard in Resources */,
				BD3D8248254BCF5D00ABBB47 /* Assets.xcassets in Resources */,
				BD3D8246254BCF5C00ABBB47 /* Main.storyboard in Resources */,
			);
			runOnlyForDeploymentPostprocessing = 0;
		};
/* End PBXResourcesBuildPhase section */

/* Begin PBXSourcesBuildPhase section */
		BD3D8237254BCF5C00ABBB47 /* Sources */ = {
			isa = PBXSourcesBuildPhase;
			buildActionMask = 2147483647;
			files = (
				BD3D8243254BCF5C00ABBB47 /* ViewController.swift in Sources */,
				BD3D823F254BCF5C00ABBB47 /* AppDelegate.swift in Sources */,
				BD3D8241254BCF5C00ABBB47 /* SceneDelegate.swift in Sources */,
			);
			runOnlyForDeploymentPostprocessing = 0;
		};
/* End PBXSourcesBuildPhase section */

/* Begin PBXVariantGroup section */
		BD3D8244254BCF5C00ABBB47 /* Main.storyboard */ = {
			isa = PBXVariantGroup;
			children = (
				BD3D8245254BCF5C00ABBB47 /* Base */,
			);
			name = Main.storyboard;
			sourceTree = "<group>";
		};
		BD3D8249254BCF5D00ABBB47 /* LaunchScreen.storyboard */ = {
			isa = PBXVariantGroup;
			children = (
				BD3D824A254BCF5D00ABBB47 /* Base */,
			);
			name = LaunchScreen.storyboard;
			sourceTree = "<group>";
		};
/* End PBXVariantGroup section */

/* Begin XCBuildConfiguration section */
		BD3D824D254BCF5D00ABBB47 /* Debug */ = {
			isa = XCBuildConfiguration;
			buildSettings = {
				ALWAYS_SEARCH_USER_PATHS = NO;
				CLANG_ANALYZER_NONNULL = YES;
				CLANG_ANALYZER_NUMBER_OBJECT_CONVERSION = YES_AGGRESSIVE;
				CLANG_CXX_LANGUAGE_STANDARD = "gnu++14";
				CLANG_CXX_LIBRARY = "libc++";
				CLANG_ENABLE_MODULES = YES;
				CLANG_ENABLE_OBJC_ARC = YES;
				CLANG_ENABLE_OBJC_WEAK = YES;
				CLANG_WARN_BLOCK_CAPTURE_AUTORELEASING = YES;
				CLANG_WARN_BOOL_CONVERSION = YES;
				CLANG_WARN_COMMA = YES;
				CLANG_WARN_CONSTANT_CONVERSION = YES;
				CLANG_WARN_DEPRECATED_OBJC_IMPLEMENTATIONS = YES;
				CLANG_WARN_DIRECT_OBJC_ISA_USAGE = YES_ERROR;
				CLANG_WARN_DOCUMENTATION_COMMENTS = YES;
				CLANG_WARN_EMPTY_BODY = YES;
				CLANG_WARN_ENUM_CONVERSION = YES;
				CLANG_WARN_INFINITE_RECURSION = YES;
				CLANG_WARN_INT_CONVERSION = YES;
				CLANG_WARN_NON_LITERAL_NULL_CONVERSION = YES;
				CLANG_WARN_OBJC_IMPLICIT_RETAIN_SELF = YES;
				CLANG_WARN_OBJC_LITERAL_CONVERSION = YES;
				CLANG_WARN_OBJC_ROOT_CLASS = YES_ERROR;
				CLANG_WARN_QUOTED_INCLUDE_IN_FRAMEWORK_HEADER = YES;
				CLANG_WARN_RANGE_LOOP_ANALYSIS = YES;
				CLANG_WARN_STRICT_PROTOTYPES = YES;
				CLANG_WARN_SUSPICIOUS_MOVE = YES;
				CLANG_WARN_UNGUARDED_AVAILABILITY = YES_AGGRESSIVE;
				CLANG_WARN_UNREACHABLE_CODE = YES;
				CLANG_WARN__DUPLICATE_METHOD_MATCH = YES;
				COPY_PHASE_STRIP = NO;
				DEBUG_INFORMATION_FORMAT = dwarf;
				ENABLE_STRICT_OBJC_MSGSEND = YES;
				ENABLE_TESTABILITY = YES;
				GCC_C_LANGUAGE_STANDARD = gnu11;
				GCC_DYNAMIC_NO_PIC = NO;
				GCC_NO_COMMON_BLOCKS = YES;
				GCC_OPTIMIZATION_LEVEL = 0;
				GCC_PREPROCESSOR_DEFINITIONS = (
					"DEBUG=1",
					"$(inherited)",
				);
				GCC_WARN_64_TO_32_BIT_CONVERSION = YES;
				GCC_WARN_ABOUT_RETURN_TYPE = YES_ERROR;
				GCC_WARN_UNDECLARED_SELECTOR = YES;
				GCC_WARN_UNINITIALIZED_AUTOS = YES_AGGRESSIVE;
				GCC_WARN_UNUSED_FUNCTION = YES;
				GCC_WARN_UNUSED_VARIABLE = YES;
				IPHONEOS_DEPLOYMENT_TARGET = 14.1;
				MTL_ENABLE_DEBUG_INFO = INCLUDE_SOURCE;
				MTL_FAST_MATH = YES;
				ONLY_ACTIVE_ARCH = YES;
				SDKROOT = iphoneos;
				SWIFT_ACTIVE_COMPILATION_CONDITIONS = DEBUG;
				SWIFT_OPTIMIZATION_LEVEL = "-Onone";
			};
			name = Debug;
		};
		BD3D824E254BCF5D00ABBB47 /* Release */ = {
			isa = XCBuildConfiguration;
			buildSettings = {
				ALWAYS_SEARCH_USER_PATHS = NO;
				CLANG_ANALYZER_NONNULL = YES;
				CLANG_ANALYZER_NUMBER_OBJECT_CONVERSION = YES_AGGRESSIVE;
				CLANG_CXX_LANGUAGE_STANDARD = "gnu++14";
				CLANG_CXX_LIBRARY = "libc++";
				CLANG_ENABLE_MODULES = YES;
				CLANG_ENABLE_OBJC_ARC = YES;
				CLANG_ENABLE_OBJC_WEAK = YES;
				CLANG_WARN_BLOCK_CAPTURE_AUTORELEASING = YES;
				CLANG_WARN_BOOL_CONVERSION = YES;
				CLANG_WARN_COMMA = YES;
				CLANG_WARN_CONSTANT_CONVERSION = YES;
				CLANG_WARN_DEPRECATED_OBJC_IMPLEMENTATIONS = YES;
				CLANG_WARN_DIRECT_OBJC_ISA_USAGE = YES_ERROR;
				CLANG_WARN_DOCUMENTATION_COMMENTS = YES;
				CLANG_WARN_EMPTY_BODY = YES;
				CLANG_WARN_ENUM_CONVERSION = YES;
				CLANG_WARN_INFINITE_RECURSION = YES;
				CLANG_WARN_INT_CONVERSION = YES;
				CLANG_WARN_NON_LITERAL_NULL_CONVERSION = YES;
				CLANG_WARN_OBJC_IMPLICIT_RETAIN_SELF = YES;
				CLANG_WARN_OBJC_LITERAL_CONVERSION = YES;
				CLANG_WARN_OBJC_ROOT_CLASS = YES_ERROR;
				CLANG_WARN_QUOTED_INCLUDE_IN_FRAMEWORK_HEADER = YES;
				CLANG_WARN_RANGE_LOOP_ANALYSIS = YES;
				CLANG_WARN_STRICT_PROTOTYPES = YES;
				CLANG_WARN_SUSPICIOUS_MOVE = YES;
				CLANG_WARN_UNGUARDED_AVAILABILITY = YES_AGGRESSIVE;
				CLANG_WARN_UNREACHABLE_CODE = YES;
				CLANG_WARN__DUPLICATE_METHOD_MATCH = YES;
				COPY_PHASE_STRIP = NO;
				DEBUG_INFORMATION_FORMAT = "dwarf-with-dsym";
				ENABLE_NS_ASSERTIONS = NO;
				ENABLE_STRICT_OBJC_MSGSEND = YES;
				GCC_C_LANGUAGE_STANDARD = gnu11;
				GCC_NO_COMMON_BLOCKS = YES;
				GCC_WARN_64_TO_32_BIT_CONVERSION = YES;
				GCC_WARN_ABOUT_RETURN_TYPE = YES_ERROR;
				GCC_WARN_UNDECLARED_SELECTOR = YES;
				GCC_WARN_UNINITIALIZED_AUTOS = YES_AGGRESSIVE;
				GCC_WARN_UNUSED_FUNCTION = YES;
				GCC_WARN_UNUSED_VARIABLE = YES;
				IPHONEOS_DEPLOYMENT_TARGET = 14.1;
				MTL_ENABLE_DEBUG_INFO = NO;
				MTL_FAST_MATH = YES;
				SDKROOT = iphoneos;
				SWIFT_COMPILATION_MODE = wholemodule;
				SWIFT_OPTIMIZATION_LEVEL = "-O";
				VALIDATE_PRODUCT = YES;
			};
			name = Release;
		};
		BD3D8250254BCF5D00ABBB47 /* Debug */ = {
			isa = XCBuildConfiguration;
			buildSettings = {
				ASSETCATALOG_COMPILER_APPICON_NAME = AppIcon;
				ASSETCATALOG_COMPILER_GLOBAL_ACCENT_COLOR_NAME = AccentColor;
				CODE_SIGN_STYLE = Automatic;
				DEVELOPMENT_TEAM = W895YM7ZMH;
				INFOPLIST_FILE = "textview-placeholder/Info.plist";
				LD_RUNPATH_SEARCH_PATHS = (
					"$(inherited)",
					"@executable_path/Frameworks",
				);
				PRODUCT_BUNDLE_IDENTIFIER = "dev.taekki.textview-placeholder";
				PRODUCT_NAME = "$(TARGET_NAME)";
				SWIFT_VERSION = 5.0;
				TARGETED_DEVICE_FAMILY = "1,2";
			};
			name = Debug;
		};
		BD3D8251254BCF5D00ABBB47 /* Release */ = {
			isa = XCBuildConfiguration;
			buildSettings = {
				ASSETCATALOG_COMPILER_APPICON_NAME = AppIcon;
				ASSETCATALOG_COMPILER_GLOBAL_ACCENT_COLOR_NAME = AccentColor;
				CODE_SIGN_STYLE = Automatic;
				DEVELOPMENT_TEAM = W895YM7ZMH;
				INFOPLIST_FILE = "textview-placeholder/Info.plist";
				LD_RUNPATH_SEARCH_PATHS = (
					"$(inherited)",
					"@executable_path/Frameworks",
				);
				PRODUCT_BUNDLE_IDENTIFIER = "dev.taekki.textview-placeholder";
				PRODUCT_NAME = "$(TARGET_NAME)";
				SWIFT_VERSION = 5.0;
				TARGETED_DEVICE_FAMILY = "1,2";
			};
			name = Release;
		};
/* End XCBuildConfiguration section */

/* Begin XCConfigurationList section */
		BD3D8236254BCF5C00ABBB47 /* Build configuration list for PBXProject "textview-placeholder" */ = {
			isa = XCConfigurationList;
			buildConfigurations = (
				BD3D824D254BCF5D00ABBB47 /* Debug */,
				BD3D824E254BCF5D00ABBB47 /* Release */,
			);
			defaultConfigurationIsVisible = 0;
			defaultConfigurationName = Release;
		};
		BD3D824F254BCF5D00ABBB47 /* Build configuration list for PBXNativeTarget "textview-placeholder" */ = {
			isa = XCConfigurationList;
			buildConfigurations = (
				BD3D8250254BCF5D00ABBB47 /* Debug */,
				BD3D8251254BCF5D00ABBB47 /* Release */,
			);
			defaultConfigurationIsVisible = 0;
			defaultConfigurationName = Release;
		};
/* End XCConfigurationList section */
	};
	rootObject = BD3D8233254BCF5C00ABBB47 /* Project object */;
}
